
Microsoft Visual Studio Solution File, Format Version 12.00
# Visual Studio 15
VisualStudioVersion = 15.0.28010.2016
MinimumVisualStudioVersion = 10.0.40219.1
Project("{FAE04EC0-301F-11D3-BF4B-00C04F79EFBC}") = "PE06.-JimenezRamirezJulioFabian", "PE06.-JimenezRamirezJulioFabian\PE06.-JimenezRamirezJulioFabian.csproj", "{884A7A79-267B-4CEC-ACF7-7105FCE97C96}"
EndProject
Global
	GlobalSection(SolutionConfigurationPlatforms) = preSolution
		Debug|Any CPU = Debug|Any CPU
		Release|Any CPU = Release|Any CPU
	EndGlobalSection
	GlobalSection(ProjectConfigurationPlatforms) = postSolution
		{884A7A79-267B-4CEC-ACF7-7105FCE97C96}.Debug|Any CPU.ActiveCfg = Debug|Any CPU
		{884A7A79-267B-4CEC-ACF7-7105FCE97C96}.Debug|Any CPU.Build.0 = Debug|Any CPU
		{884A7A79-267B-4CEC-ACF7-7105FCE97C96}.Release|Any CPU.ActiveCfg = Release|Any CPU
		{884A7A79-267B-4CEC-ACF7-7105FCE97C96}.Release|Any CPU.Build.0 = Release|Any CPU
	EndGlobalSection
	GlobalSection(SolutionProperties) = preSolution
		HideSolutionNode = FALSE
	EndGlobalSection
	GlobalSection(ExtensibilityGlobals) = postSolution
		SolutionGuid = {66916291-9F20-493D-A143-3E9E4F54A408}
	EndGlobalSection
EndGlobal
