
Microsoft Visual Studio Solution File, Format Version 12.00
# Visual Studio 15
VisualStudioVersion = 15.0.28010.2016
MinimumVisualStudioVersion = 10.0.40219.1
Project("{FAE04EC0-301F-11D3-BF4B-00C04F79EFBC}") = "PE03.-JimenezRamirezJulioFabian", "PE03.-JimenezRamirezJulioFabian\PE03.-JimenezRamirezJulioFabian.csproj", "{6760BC52-2956-405D-9B42-EEF5EEE62385}"
EndProject
Global
	GlobalSection(SolutionConfigurationPlatforms) = preSolution
		Debug|Any CPU = Debug|Any CPU
		Release|Any CPU = Release|Any CPU
	EndGlobalSection
	GlobalSection(ProjectConfigurationPlatforms) = postSolution
		{6760BC52-2956-405D-9B42-EEF5EEE62385}.Debug|Any CPU.ActiveCfg = Debug|Any CPU
		{6760BC52-2956-405D-9B42-EEF5EEE62385}.Debug|Any CPU.Build.0 = Debug|Any CPU
		{6760BC52-2956-405D-9B42-EEF5EEE62385}.Release|Any CPU.ActiveCfg = Release|Any CPU
		{6760BC52-2956-405D-9B42-EEF5EEE62385}.Release|Any CPU.Build.0 = Release|Any CPU
	EndGlobalSection
	GlobalSection(SolutionProperties) = preSolution
		HideSolutionNode = FALSE
	EndGlobalSection
	GlobalSection(ExtensibilityGlobals) = postSolution
		SolutionGuid = {B4881DD0-320E-4969-9AE5-3ADBDC9B4B66}
	EndGlobalSection
EndGlobal
