
Microsoft Visual Studio Solution File, Format Version 12.00
# Visual Studio 15
VisualStudioVersion = 15.0.28010.2016
MinimumVisualStudioVersion = 10.0.40219.1
Project("{FAE04EC0-301F-11D3-BF4B-00C04F79EFBC}") = "PE01.-JimenezRamirezJulioFabian", "PE01.-JimenezRamirezJulioFabian\PE01.-JimenezRamirezJulioFabian.csproj", "{CCEE675C-58AB-41FD-8787-BE7A593469B5}"
EndProject
Global
	GlobalSection(SolutionConfigurationPlatforms) = preSolution
		Debug|Any CPU = Debug|Any CPU
		Release|Any CPU = Release|Any CPU
	EndGlobalSection
	GlobalSection(ProjectConfigurationPlatforms) = postSolution
		{CCEE675C-58AB-41FD-8787-BE7A593469B5}.Debug|Any CPU.ActiveCfg = Debug|Any CPU
		{CCEE675C-58AB-41FD-8787-BE7A593469B5}.Debug|Any CPU.Build.0 = Debug|Any CPU
		{CCEE675C-58AB-41FD-8787-BE7A593469B5}.Release|Any CPU.ActiveCfg = Release|Any CPU
		{CCEE675C-58AB-41FD-8787-BE7A593469B5}.Release|Any CPU.Build.0 = Release|Any CPU
	EndGlobalSection
	GlobalSection(SolutionProperties) = preSolution
		HideSolutionNode = FALSE
	EndGlobalSection
	GlobalSection(ExtensibilityGlobals) = postSolution
		SolutionGuid = {708628FF-10F7-4109-9847-9920DC4C4F2C}
	EndGlobalSection
EndGlobal
